// !$*UTF8*$!
{
	archiveVersion = 1;
	classes = {
	};
	objectVersion = 48;
	objects = {

/* Begin PBXBuildFile section */
		1097ADDB209A32D800310613 /* PlayerDetailsViewController.swift in Sources */ = {isa = PBXBuildFile; fileRef = 1097ADDA209A32D800310613 /* PlayerDetailsViewController.swift */; };
		109B0379209A6207004DEAEC /* GamePickerViewController.swift in Sources */ = {isa = PBXBuildFile; fileRef = 109B0378209A6207004DEAEC /* GamePickerViewController.swift */; };
		10CC508820978E73009F7428 /* AppDelegate.swift in Sources */ = {isa = PBXBuildFile; fileRef = 10CC508720978E73009F7428 /* AppDelegate.swift */; };
		10CC508A20978E73009F7428 /* ViewController.swift in Sources */ = {isa = PBXBuildFile; fileRef = 10CC508920978E73009F7428 /* ViewController.swift */; };
		10CC508D20978E73009F7428 /* Main.storyboard in Resources */ = {isa = PBXBuildFile; fileRef = 10CC508B20978E73009F7428 /* Main.storyboard */; };
		10CC508F20978E73009F7428 /* Assets.xcassets in Resources */ = {isa = PBXBuildFile; fileRef = 10CC508E20978E73009F7428 /* Assets.xcassets */; };
		10CC509220978E73009F7428 /* LaunchScreen.storyboard in Resources */ = {isa = PBXBuildFile; fileRef = 10CC509020978E73009F7428 /* LaunchScreen.storyboard */; };
		10CC509D20978E73009F7428 /* TableViewStoryBoardTests.swift in Sources */ = {isa = PBXBuildFile; fileRef = 10CC509C20978E73009F7428 /* TableViewStoryBoardTests.swift */; };
		10CC50A820978E73009F7428 /* TableViewStoryBoardUITests.swift in Sources */ = {isa = PBXBuildFile; fileRef = 10CC50A720978E73009F7428 /* TableViewStoryBoardUITests.swift */; };
		10CC50B62097C4B5009F7428 /* PlayersTableViewController.swift in Sources */ = {isa = PBXBuildFile; fileRef = 10CC50B52097C4B5009F7428 /* PlayersTableViewController.swift */; };
		10CC50B82097C6B1009F7428 /* PlayerModel.swift in Sources */ = {isa = PBXBuildFile; fileRef = 10CC50B72097C6B1009F7428 /* PlayerModel.swift */; };
		10CC50BA2097C956009F7428 /* PlayerViewModel.swift in Sources */ = {isa = PBXBuildFile; fileRef = 10CC50B92097C956009F7428 /* PlayerViewModel.swift */; };
		10CC50BC2097D641009F7428 /* PlayerCell.swift in Sources */ = {isa = PBXBuildFile; fileRef = 10CC50BB2097D641009F7428 /* PlayerCell.swift */; };
/* End PBXBuildFile section */

/* Begin PBXContainerItemProxy section */
		10CC509920978E73009F7428 /* PBXContainerItemProxy */ = {
			isa = PBXContainerItemProxy;
			containerPortal = 10CC507C20978E73009F7428 /* Project object */;
			proxyType = 1;
			remoteGlobalIDString = 10CC508320978E73009F7428;
			remoteInfo = TableViewStoryBoard;
		};
		10CC50A420978E73009F7428 /* PBXContainerItemProxy */ = {
			isa = PBXContainerItemProxy;
			containerPortal = 10CC507C20978E73009F7428 /* Project object */;
			proxyType = 1;
			remoteGlobalIDString = 10CC508320978E73009F7428;
			remoteInfo = TableViewStoryBoard;
		};
/* End PBXContainerItemProxy section */

/* Begin PBXFileReference section */
		1097ADDA209A32D800310613 /* PlayerDetailsViewController.swift */ = {isa = PBXFileReference; lastKnownFileType = sourcecode.swift; path = PlayerDetailsViewController.swift; sourceTree = "<group>"; };
		109B0378209A6207004DEAEC /* GamePickerViewController.swift */ = {isa = PBXFileReference; lastKnownFileType = sourcecode.swift; path = GamePickerViewController.swift; sourceTree = "<group>"; };
		10CC508420978E73009F7428 /* TableViewStoryBoard.app */ = {isa = PBXFileReference; explicitFileType = wrapper.application; includeInIndex = 0; path = TableViewStoryBoard.app; sourceTree = BUILT_PRODUCTS_DIR; };
		10CC508720978E73009F7428 /* AppDelegate.swift */ = {isa = PBXFileReference; lastKnownFileType = sourcecode.swift; path = AppDelegate.swift; sourceTree = "<group>"; };
		10CC508920978E73009F7428 /* ViewController.swift */ = {isa = PBXFileReference; lastKnownFileType = sourcecode.swift; path = ViewController.swift; sourceTree = "<group>"; };
		10CC508C20978E73009F7428 /* Base */ = {isa = PBXFileReference; lastKnownFileType = file.storyboard; name = Base; path = Base.lproj/Main.storyboard; sourceTree = "<group>"; };
		10CC508E20978E73009F7428 /* Assets.xcassets */ = {isa = PBXFileReference; lastKnownFileType = folder.assetcatalog; path = Assets.xcassets; sourceTree = "<group>"; };
		10CC509120978E73009F7428 /* Base */ = {isa = PBXFileReference; lastKnownFileType = file.storyboard; name = Base; path = Base.lproj/LaunchScreen.storyboard; sourceTree = "<group>"; };
		10CC509320978E73009F7428 /* Info.plist */ = {isa = PBXFileReference; lastKnownFileType = text.plist.xml; path = Info.plist; sourceTree = "<group>"; };
		10CC509820978E73009F7428 /* TableViewStoryBoardTests.xctest */ = {isa = PBXFileReference; explicitFileType = wrapper.cfbundle; includeInIndex = 0; path = TableViewStoryBoardTests.xctest; sourceTree = BUILT_PRODUCTS_DIR; };
		10CC509C20978E73009F7428 /* TableViewStoryBoardTests.swift */ = {isa = PBXFileReference; lastKnownFileType = sourcecode.swift; path = TableViewStoryBoardTests.swift; sourceTree = "<group>"; };
		10CC509E20978E73009F7428 /* Info.plist */ = {isa = PBXFileReference; lastKnownFileType = text.plist.xml; path = Info.plist; sourceTree = "<group>"; };
		10CC50A320978E73009F7428 /* TableViewStoryBoardUITests.xctest */ = {isa = PBXFileReference; explicitFileType = wrapper.cfbundle; includeInIndex = 0; path = TableViewStoryBoardUITests.xctest; sourceTree = BUILT_PRODUCTS_DIR; };
		10CC50A720978E73009F7428 /* TableViewStoryBoardUITests.swift */ = {isa = PBXFileReference; lastKnownFileType = sourcecode.swift; path = TableViewStoryBoardUITests.swift; sourceTree = "<group>"; };
		10CC50A920978E73009F7428 /* Info.plist */ = {isa = PBXFileReference; lastKnownFileType = text.plist.xml; path = Info.plist; sourceTree = "<group>"; };
		10CC50B52097C4B5009F7428 /* PlayersTableViewController.swift */ = {isa = PBXFileReference; lastKnownFileType = sourcecode.swift; path = PlayersTableViewController.swift; sourceTree = "<group>"; };
		10CC50B72097C6B1009F7428 /* PlayerModel.swift */ = {isa = PBXFileReference; lastKnownFileType = sourcecode.swift; path = PlayerModel.swift; sourceTree = "<group>"; };
		10CC50B92097C956009F7428 /* PlayerViewModel.swift */ = {isa = PBXFileReference; lastKnownFileType = sourcecode.swift; path = PlayerViewModel.swift; sourceTree = "<group>"; };
		10CC50BB2097D641009F7428 /* PlayerCell.swift */ = {isa = PBXFileReference; lastKnownFileType = sourcecode.swift; path = PlayerCell.swift; sourceTree = "<group>"; };
/* End PBXFileReference section */

/* Begin PBXFrameworksBuildPhase section */
		10CC508120978E73009F7428 /* Frameworks */ = {
			isa = PBXFrameworksBuildPhase;
			buildActionMask = 2147483647;
			files = (
			);
			runOnlyForDeploymentPostprocessing = 0;
		};
		10CC509520978E73009F7428 /* Frameworks */ = {
			isa = PBXFrameworksBuildPhase;
			buildActionMask = 2147483647;
			files = (
			);
			runOnlyForDeploymentPostprocessing = 0;
		};
		10CC50A020978E73009F7428 /* Frameworks */ = {
			isa = PBXFrameworksBuildPhase;
			buildActionMask = 2147483647;
			files = (
			);
			runOnlyForDeploymentPostprocessing = 0;
		};
/* End PBXFrameworksBuildPhase section */

/* Begin PBXGroup section */
		10CC507B20978E73009F7428 = {
			isa = PBXGroup;
			children = (
				10CC508620978E73009F7428 /* TableViewStoryBoard */,
				10CC509B20978E73009F7428 /* TableViewStoryBoardTests */,
				10CC50A620978E73009F7428 /* TableViewStoryBoardUITests */,
				10CC508520978E73009F7428 /* Products */,
			);
			sourceTree = "<group>";
		};
		10CC508520978E73009F7428 /* Products */ = {
			isa = PBXGroup;
			children = (
				10CC508420978E73009F7428 /* TableViewStoryBoard.app */,
				10CC509820978E73009F7428 /* TableViewStoryBoardTests.xctest */,
				10CC50A320978E73009F7428 /* TableViewStoryBoardUITests.xctest */,
			);
			name = Products;
			sourceTree = "<group>";
		};
		10CC508620978E73009F7428 /* TableViewStoryBoard */ = {
			isa = PBXGroup;
			children = (
				10CC508720978E73009F7428 /* AppDelegate.swift */,
				10CC508920978E73009F7428 /* ViewController.swift */,
				10CC50BB2097D641009F7428 /* PlayerCell.swift */,
				10CC50B72097C6B1009F7428 /* PlayerModel.swift */,
				10CC50B92097C956009F7428 /* PlayerViewModel.swift */,
				10CC50B52097C4B5009F7428 /* PlayersTableViewController.swift */,
				1097ADDA209A32D800310613 /* PlayerDetailsViewController.swift */,
				109B0378209A6207004DEAEC /* GamePickerViewController.swift */,
				10CC508B20978E73009F7428 /* Main.storyboard */,
				10CC508E20978E73009F7428 /* Assets.xcassets */,
				10CC509020978E73009F7428 /* LaunchScreen.storyboard */,
				10CC509320978E73009F7428 /* Info.plist */,
			);
			path = TableViewStoryBoard;
			sourceTree = "<group>";
		};
		10CC509B20978E73009F7428 /* TableViewStoryBoardTests */ = {
			isa = PBXGroup;
			children = (
				10CC509C20978E73009F7428 /* TableViewStoryBoardTests.swift */,
				10CC509E20978E73009F7428 /* Info.plist */,
			);
			path = TableViewStoryBoardTests;
			sourceTree = "<group>";
		};
		10CC50A620978E73009F7428 /* TableViewStoryBoardUITests */ = {
			isa = PBXGroup;
			children = (
				10CC50A720978E73009F7428 /* TableViewStoryBoardUITests.swift */,
				10CC50A920978E73009F7428 /* Info.plist */,
			);
			path = TableViewStoryBoardUITests;
			sourceTree = "<group>";
		};
/* End PBXGroup section */

/* Begin PBXNativeTarget section */
		10CC508320978E73009F7428 /* TableViewStoryBoard */ = {
			isa = PBXNativeTarget;
			buildConfigurationList = 10CC50AC20978E73009F7428 /* Build configuration list for PBXNativeTarget "TableViewStoryBoard" */;
			buildPhases = (
				10CC508020978E73009F7428 /* Sources */,
				10CC508120978E73009F7428 /* Frameworks */,
				10CC508220978E73009F7428 /* Resources */,
			);
			buildRules = (
			);
			dependencies = (
			);
			name = TableViewStoryBoard;
			productName = TableViewStoryBoard;
			productReference = 10CC508420978E73009F7428 /* TableViewStoryBoard.app */;
			productType = "com.apple.product-type.application";
		};
		10CC509720978E73009F7428 /* TableViewStoryBoardTests */ = {
			isa = PBXNativeTarget;
			buildConfigurationList = 10CC50AF20978E73009F7428 /* Build configuration list for PBXNativeTarget "TableViewStoryBoardTests" */;
			buildPhases = (
				10CC509420978E73009F7428 /* Sources */,
				10CC509520978E73009F7428 /* Frameworks */,
				10CC509620978E73009F7428 /* Resources */,
			);
			buildRules = (
			);
			dependencies = (
				10CC509A20978E73009F7428 /* PBXTargetDependency */,
			);
			name = TableViewStoryBoardTests;
			productName = TableViewStoryBoardTests;
			productReference = 10CC509820978E73009F7428 /* TableViewStoryBoardTests.xctest */;
			productType = "com.apple.product-type.bundle.unit-test";
		};
		10CC50A220978E73009F7428 /* TableViewStoryBoardUITests */ = {
			isa = PBXNativeTarget;
			buildConfigurationList = 10CC50B220978E73009F7428 /* Build configuration list for PBXNativeTarget "TableViewStoryBoardUITests" */;
			buildPhases = (
				10CC509F20978E73009F7428 /* Sources */,
				10CC50A020978E73009F7428 /* Frameworks */,
				10CC50A120978E73009F7428 /* Resources */,
			);
			buildRules = (
			);
			dependencies = (
				10CC50A520978E73009F7428 /* PBXTargetDependency */,
			);
			name = TableViewStoryBoardUITests;
			productName = TableViewStoryBoardUITests;
			productReference = 10CC50A320978E73009F7428 /* TableViewStoryBoardUITests.xctest */;
			productType = "com.apple.product-type.bundle.ui-testing";
		};
/* End PBXNativeTarget section */

/* Begin PBXProject section */
		10CC507C20978E73009F7428 /* Project object */ = {
			isa = PBXProject;
			attributes = {
				LastSwiftUpdateCheck = 0900;
				LastUpgradeCheck = 0900;
				ORGANIZATIONNAME = "Satabdi Das";
				TargetAttributes = {
					10CC508320978E73009F7428 = {
						CreatedOnToolsVersion = 9.0;
						ProvisioningStyle = Automatic;
					};
					10CC509720978E73009F7428 = {
						CreatedOnToolsVersion = 9.0;
						ProvisioningStyle = Automatic;
						TestTargetID = 10CC508320978E73009F7428;
					};
					10CC50A220978E73009F7428 = {
						CreatedOnToolsVersion = 9.0;
						ProvisioningStyle = Automatic;
						TestTargetID = 10CC508320978E73009F7428;
					};
				};
			};
			buildConfigurationList = 10CC507F20978E73009F7428 /* Build configuration list for PBXProject "TableViewStoryBoard" */;
			compatibilityVersion = "Xcode 8.0";
			developmentRegion = en;
			hasScannedForEncodings = 0;
			knownRegions = (
				en,
				Base,
			);
			mainGroup = 10CC507B20978E73009F7428;
			productRefGroup = 10CC508520978E73009F7428 /* Products */;
			projectDirPath = "";
			projectRoot = "";
			targets = (
				10CC508320978E73009F7428 /* TableViewStoryBoard */,
				10CC509720978E73009F7428 /* TableViewStoryBoardTests */,
				10CC50A220978E73009F7428 /* TableViewStoryBoardUITests */,
			);
		};
/* End PBXProject section */

/* Begin PBXResourcesBuildPhase section */
		10CC508220978E73009F7428 /* Resources */ = {
			isa = PBXResourcesBuildPhase;
			buildActionMask = 2147483647;
			files = (
				10CC509220978E73009F7428 /* LaunchScreen.storyboard in Resources */,
				10CC508F20978E73009F7428 /* Assets.xcassets in Resources */,
				10CC508D20978E73009F7428 /* Main.storyboard in Resources */,
			);
			runOnlyForDeploymentPostprocessing = 0;
		};
		10CC509620978E73009F7428 /* Resources */ = {
			isa = PBXResourcesBuildPhase;
			buildActionMask = 2147483647;
			files = (
			);
			runOnlyForDeploymentPostprocessing = 0;
		};
		10CC50A120978E73009F7428 /* Resources */ = {
			isa = PBXResourcesBuildPhase;
			buildActionMask = 2147483647;
			files = (
			);
			runOnlyForDeploymentPostprocessing = 0;
		};
/* End PBXResourcesBuildPhase section */

/* Begin PBXSourcesBuildPhase section */
		10CC508020978E73009F7428 /* Sources */ = {
			isa = PBXSourcesBuildPhase;
			buildActionMask = 2147483647;
			files = (
				109B0379209A6207004DEAEC /* GamePickerViewController.swift in Sources */,
				10CC50BC2097D641009F7428 /* PlayerCell.swift in Sources */,
				10CC508A20978E73009F7428 /* ViewController.swift in Sources */,
				10CC50BA2097C956009F7428 /* PlayerViewModel.swift in Sources */,
				1097ADDB209A32D800310613 /* PlayerDetailsViewController.swift in Sources */,
				10CC508820978E73009F7428 /* AppDelegate.swift in Sources */,
				10CC50B82097C6B1009F7428 /* PlayerModel.swift in Sources */,
				10CC50B62097C4B5009F7428 /* PlayersTableViewController.swift in Sources */,
			);
			runOnlyForDeploymentPostprocessing = 0;
		};
		10CC509420978E73009F7428 /* Sources */ = {
			isa = PBXSourcesBuildPhase;
			buildActionMask = 2147483647;
			files = (
				10CC509D20978E73009F7428 /* TableViewStoryBoardTests.swift in Sources */,
			);
			runOnlyForDeploymentPostprocessing = 0;
		};
		10CC509F20978E73009F7428 /* Sources */ = {
			isa = PBXSourcesBuildPhase;
			buildActionMask = 2147483647;
			files = (
				10CC50A820978E73009F7428 /* TableViewStoryBoardUITests.swift in Sources */,
			);
			runOnlyForDeploymentPostprocessing = 0;
		};
/* End PBXSourcesBuildPhase section */

/* Begin PBXTargetDependency section */
		10CC509A20978E73009F7428 /* PBXTargetDependency */ = {
			isa = PBXTargetDependency;
			target = 10CC508320978E73009F7428 /* TableViewStoryBoard */;
			targetProxy = 10CC509920978E73009F7428 /* PBXContainerItemProxy */;
		};
		10CC50A520978E73009F7428 /* PBXTargetDependency */ = {
			isa = PBXTargetDependency;
			target = 10CC508320978E73009F7428 /* TableViewStoryBoard */;
			targetProxy = 10CC50A420978E73009F7428 /* PBXContainerItemProxy */;
		};
/* End PBXTargetDependency section */

/* Begin PBXVariantGroup section */
		10CC508B20978E73009F7428 /* Main.storyboard */ = {
			isa = PBXVariantGroup;
			children = (
				10CC508C20978E73009F7428 /* Base */,
			);
			name = Main.storyboard;
			sourceTree = "<group>";
		};
		10CC509020978E73009F7428 /* LaunchScreen.storyboard */ = {
			isa = PBXVariantGroup;
			children = (
				10CC509120978E73009F7428 /* Base */,
			);
			name = LaunchScreen.storyboard;
			sourceTree = "<group>";
		};
/* End PBXVariantGroup section */

/* Begin XCBuildConfiguration section */
		10CC50AA20978E73009F7428 /* Debug */ = {
			isa = XCBuildConfiguration;
			buildSettings = {
				ALWAYS_SEARCH_USER_PATHS = NO;
				CLANG_ANALYZER_NONNULL = YES;
				CLANG_ANALYZER_NUMBER_OBJECT_CONVERSION = YES_AGGRESSIVE;
				CLANG_CXX_LANGUAGE_STANDARD = "gnu++14";
				CLANG_CXX_LIBRARY = "libc++";
				CLANG_ENABLE_MODULES = YES;
				CLANG_ENABLE_OBJC_ARC = YES;
				CLANG_WARN_BLOCK_CAPTURE_AUTORELEASING = YES;
				CLANG_WARN_BOOL_CONVERSION = YES;
				CLANG_WARN_COMMA = YES;
				CLANG_WARN_CONSTANT_CONVERSION = YES;
				CLANG_WARN_DIRECT_OBJC_ISA_USAGE = YES_ERROR;
				CLANG_WARN_DOCUMENTATION_COMMENTS = YES;
				CLANG_WARN_EMPTY_BODY = YES;
				CLANG_WARN_ENUM_CONVERSION = YES;
				CLANG_WARN_INFINITE_RECURSION = YES;
				CLANG_WARN_INT_CONVERSION = YES;
				CLANG_WARN_NON_LITERAL_NULL_CONVERSION = YES;
				CLANG_WARN_OBJC_LITERAL_CONVERSION = YES;
				CLANG_WARN_OBJC_ROOT_CLASS = YES_ERROR;
				CLANG_WARN_RANGE_LOOP_ANALYSIS = YES;
				CLANG_WARN_STRICT_PROTOTYPES = YES;
				CLANG_WARN_SUSPICIOUS_MOVE = YES;
				CLANG_WARN_UNGUARDED_AVAILABILITY = YES_AGGRESSIVE;
				CLANG_WARN_UNREACHABLE_CODE = YES;
				CLANG_WARN__DUPLICATE_METHOD_MATCH = YES;
				CODE_SIGN_IDENTITY = "iPhone Developer";
				COPY_PHASE_STRIP = NO;
				DEBUG_INFORMATION_FORMAT = dwarf;
				ENABLE_STRICT_OBJC_MSGSEND = YES;
				ENABLE_TESTABILITY = YES;
				GCC_C_LANGUAGE_STANDARD = gnu11;
				GCC_DYNAMIC_NO_PIC = NO;
				GCC_NO_COMMON_BLOCKS = YES;
				GCC_OPTIMIZATION_LEVEL = 0;
				GCC_PREPROCESSOR_DEFINITIONS = (
					"DEBUG=1",
					"$(inherited)",
				);
				GCC_WARN_64_TO_32_BIT_CONVERSION = YES;
				GCC_WARN_ABOUT_RETURN_TYPE = YES_ERROR;
				GCC_WARN_UNDECLARED_SELECTOR = YES;
				GCC_WARN_UNINITIALIZED_AUTOS = YES_AGGRESSIVE;
				GCC_WARN_UNUSED_FUNCTION = YES;
				GCC_WARN_UNUSED_VARIABLE = YES;
				IPHONEOS_DEPLOYMENT_TARGET = 11.0;
				MTL_ENABLE_DEBUG_INFO = YES;
				ONLY_ACTIVE_ARCH = YES;
				SDKROOT = iphoneos;
				SWIFT_ACTIVE_COMPILATION_CONDITIONS = DEBUG;
				SWIFT_OPTIMIZATION_LEVEL = "-Onone";
			};
			name = Debug;
		};
		10CC50AB20978E73009F7428 /* Release */ = {
			isa = XCBuildConfiguration;
			buildSettings = {
				ALWAYS_SEARCH_USER_PATHS = NO;
				CLANG_ANALYZER_NONNULL = YES;
				CLANG_ANALYZER_NUMBER_OBJECT_CONVERSION = YES_AGGRESSIVE;
				CLANG_CXX_LANGUAGE_STANDARD = "gnu++14";
				CLANG_CXX_LIBRARY = "libc++";
				CLANG_ENABLE_MODULES = YES;
				CLANG_ENABLE_OBJC_ARC = YES;
				CLANG_WARN_BLOCK_CAPTURE_AUTORELEASING = YES;
				CLANG_WARN_BOOL_CONVERSION = YES;
				CLANG_WARN_COMMA = YES;
				CLANG_WARN_CONSTANT_CONVERSION = YES;
				CLANG_WARN_DIRECT_OBJC_ISA_USAGE = YES_ERROR;
				CLANG_WARN_DOCUMENTATION_COMMENTS = YES;
				CLANG_WARN_EMPTY_BODY = YES;
				CLANG_WARN_ENUM_CONVERSION = YES;
				CLANG_WARN_INFINITE_RECURSION = YES;
				CLANG_WARN_INT_CONVERSION = YES;
				CLANG_WARN_NON_LITERAL_NULL_CONVERSION = YES;
				CLANG_WARN_OBJC_LITERAL_CONVERSION = YES;
				CLANG_WARN_OBJC_ROOT_CLASS = YES_ERROR;
				CLANG_WARN_RANGE_LOOP_ANALYSIS = YES;
				CLANG_WARN_STRICT_PROTOTYPES = YES;
				CLANG_WARN_SUSPICIOUS_MOVE = YES;
				CLANG_WARN_UNGUARDED_AVAILABILITY = YES_AGGRESSIVE;
				CLANG_WARN_UNREACHABLE_CODE = YES;
				CLANG_WARN__DUPLICATE_METHOD_MATCH = YES;
				CODE_SIGN_IDENTITY = "iPhone Developer";
				COPY_PHASE_STRIP = NO;
				DEBUG_INFORMATION_FORMAT = "dwarf-with-dsym";
				ENABLE_NS_ASSERTIONS = NO;
				ENABLE_STRICT_OBJC_MSGSEND = YES;
				GCC_C_LANGUAGE_STANDARD = gnu11;
				GCC_NO_COMMON_BLOCKS = YES;
				GCC_WARN_64_TO_32_BIT_CONVERSION = YES;
				GCC_WARN_ABOUT_RETURN_TYPE = YES_ERROR;
				GCC_WARN_UNDECLARED_SELECTOR = YES;
				GCC_WARN_UNINITIALIZED_AUTOS = YES_AGGRESSIVE;
				GCC_WARN_UNUSED_FUNCTION = YES;
				GCC_WARN_UNUSED_VARIABLE = YES;
				IPHONEOS_DEPLOYMENT_TARGET = 11.0;
				MTL_ENABLE_DEBUG_INFO = NO;
				SDKROOT = iphoneos;
				SWIFT_OPTIMIZATION_LEVEL = "-Owholemodule";
				VALIDATE_PRODUCT = YES;
			};
			name = Release;
		};
		10CC50AD20978E73009F7428 /* Debug */ = {
			isa = XCBuildConfiguration;
			buildSettings = {
				ASSETCATALOG_COMPILER_APPICON_NAME = AppIcon;
				CODE_SIGN_STYLE = Automatic;
				INFOPLIST_FILE = TableViewStoryBoard/Info.plist;
				LD_RUNPATH_SEARCH_PATHS = "$(inherited) @executable_path/Frameworks";
				PRODUCT_BUNDLE_IDENTIFIER = infy.TableViewStoryBoard;
				PRODUCT_NAME = "$(TARGET_NAME)";
				SWIFT_VERSION = 4.0;
				TARGETED_DEVICE_FAMILY = 1;
			};
			name = Debug;
		};
		10CC50AE20978E73009F7428 /* Release */ = {
			isa = XCBuildConfiguration;
			buildSettings = {
				ASSETCATALOG_COMPILER_APPICON_NAME = AppIcon;
				CODE_SIGN_STYLE = Automatic;
				INFOPLIST_FILE = TableViewStoryBoard/Info.plist;
				LD_RUNPATH_SEARCH_PATHS = "$(inherited) @executable_path/Frameworks";
				PRODUCT_BUNDLE_IDENTIFIER = infy.TableViewStoryBoard;
				PRODUCT_NAME = "$(TARGET_NAME)";
				SWIFT_VERSION = 4.0;
				TARGETED_DEVICE_FAMILY = 1;
			};
			name = Release;
		};
		10CC50B020978E73009F7428 /* Debug */ = {
			isa = XCBuildConfiguration;
			buildSettings = {
				ALWAYS_EMBED_SWIFT_STANDARD_LIBRARIES = YES;
				BUNDLE_LOADER = "$(TEST_HOST)";
				CODE_SIGN_STYLE = Automatic;
				INFOPLIST_FILE = TableViewStoryBoardTests/Info.plist;
				LD_RUNPATH_SEARCH_PATHS = "$(inherited) @executable_path/Frameworks @loader_path/Frameworks";
				PRODUCT_BUNDLE_IDENTIFIER = infy.TableViewStoryBoardTests;
				PRODUCT_NAME = "$(TARGET_NAME)";
				SWIFT_VERSION = 4.0;
				TARGETED_DEVICE_FAMILY = "1,2";
				TEST_HOST = "$(BUILT_PRODUCTS_DIR)/TableViewStoryBoard.app/TableViewStoryBoard";
			};
			name = Debug;
		};
		10CC50B120978E73009F7428 /* Release */ = {
			isa = XCBuildConfiguration;
			buildSettings = {
				ALWAYS_EMBED_SWIFT_STANDARD_LIBRARIES = YES;
				BUNDLE_LOADER = "$(TEST_HOST)";
				CODE_SIGN_STYLE = Automatic;
				INFOPLIST_FILE = TableViewStoryBoardTests/Info.plist;
				LD_RUNPATH_SEARCH_PATHS = "$(inherited) @executable_path/Frameworks @loader_path/Frameworks";
				PRODUCT_BUNDLE_IDENTIFIER = infy.TableViewStoryBoardTests;
				PRODUCT_NAME = "$(TARGET_NAME)";
				SWIFT_VERSION = 4.0;
				TARGETED_DEVICE_FAMILY = "1,2";
				TEST_HOST = "$(BUILT_PRODUCTS_DIR)/TableViewStoryBoard.app/TableViewStoryBoard";
			};
			name = Release;
		};
		10CC50B320978E73009F7428 /* Debug */ = {
			isa = XCBuildConfiguration;
			buildSettings = {
				ALWAYS_EMBED_SWIFT_STANDARD_LIBRARIES = YES;
				CODE_SIGN_STYLE = Automatic;
				INFOPLIST_FILE = TableViewStoryBoardUITests/Info.plist;
				LD_RUNPATH_SEARCH_PATHS = "$(inherited) @executable_path/Frameworks @loader_path/Frameworks";
				PRODUCT_BUNDLE_IDENTIFIER = infy.TableViewStoryBoardUITests;
				PRODUCT_NAME = "$(TARGET_NAME)";
				SWIFT_VERSION = 4.0;
				TARGETED_DEVICE_FAMILY = "1,2";
				TEST_TARGET_NAME = TableViewStoryBoard;
			};
			name = Debug;
		};
		10CC50B420978E73009F7428 /* Release */ = {
			isa = XCBuildConfiguration;
			buildSettings = {
				ALWAYS_EMBED_SWIFT_STANDARD_LIBRARIES = YES;
				CODE_SIGN_STYLE = Automatic;
				INFOPLIST_FILE = TableViewStoryBoardUITests/Info.plist;
				LD_RUNPATH_SEARCH_PATHS = "$(inherited) @executable_path/Frameworks @loader_path/Frameworks";
				PRODUCT_BUNDLE_IDENTIFIER = infy.TableViewStoryBoardUITests;
				PRODUCT_NAME = "$(TARGET_NAME)";
				SWIFT_VERSION = 4.0;
				TARGETED_DEVICE_FAMILY = "1,2";
				TEST_TARGET_NAME = TableViewStoryBoard;
			};
			name = Release;
		};
/* End XCBuildConfiguration section */

/* Begin XCConfigurationList section */
		10CC507F20978E73009F7428 /* Build configuration list for PBXProject "TableViewStoryBoard" */ = {
			isa = XCConfigurationList;
			buildConfigurations = (
				10CC50AA20978E73009F7428 /* Debug */,
				10CC50AB20978E73009F7428 /* Release */,
			);
			defaultConfigurationIsVisible = 0;
			defaultConfigurationName = Release;
		};
		10CC50AC20978E73009F7428 /* Build configuration list for PBXNativeTarget "TableViewStoryBoard" */ = {
			isa = XCConfigurationList;
			buildConfigurations = (
				10CC50AD20978E73009F7428 /* Debug */,
				10CC50AE20978E73009F7428 /* Release */,
			);
			defaultConfigurationIsVisible = 0;
			defaultConfigurationName = Release;
		};
		10CC50AF20978E73009F7428 /* Build configuration list for PBXNativeTarget "TableViewStoryBoardTests" */ = {
			isa = XCConfigurationList;
			buildConfigurations = (
				10CC50B020978E73009F7428 /* Debug */,
				10CC50B120978E73009F7428 /* Release */,
			);
			defaultConfigurationIsVisible = 0;
			defaultConfigurationName = Release;
		};
		10CC50B220978E73009F7428 /* Build configuration list for PBXNativeTarget "TableViewStoryBoardUITests" */ = {
			isa = XCConfigurationList;
			buildConfigurations = (
				10CC50B320978E73009F7428 /* Debug */,
				10CC50B420978E73009F7428 /* Release */,
			);
			defaultConfigurationIsVisible = 0;
			defaultConfigurationName = Release;
		};
/* End XCConfigurationList section */
	};
	rootObject = 10CC507C20978E73009F7428 /* Project object */;
}
